
Microsoft Visual Studio Solution File, Format Version 12.00
# Visual Studio Version 17
VisualStudioVersion = 17.0.31903.59
MinimumVisualStudioVersion = 10.0.40219.1
Project("{FAE04EC0-301F-11D3-BF4B-00C04F79EFBC}") = "SteamScreenshotBackup", "app\SteamScreenshotBackup.csproj", "{3231FAF4-DAF6-4DC5-8D6E-D5928F52D79D}"
EndProject
Project("{2150E333-8FDC-42A3-9474-1A3956D46DE8}") = "tests", "tests", "{7CEE7427-8B7D-4436-BAFF-55C96A6139AA}"
EndProject
Project("{FAE04EC0-301F-11D3-BF4B-00C04F79EFBC}") = "SteamScreenshotBackup.Tests", "tests\SteamScreenshotBackup.Tests\SteamScreenshotBackup.Tests.csproj", "{FEAF6626-B8E7-4B85-BBBD-CF8EACDB929C}"
EndProject
Global
	GlobalSection(SolutionConfigurationPlatforms) = preSolution
		Debug|Any CPU = Debug|Any CPU
		Release|Any CPU = Release|Any CPU
	EndGlobalSection
	GlobalSection(SolutionProperties) = preSolution
		HideSolutionNode = FALSE
	EndGlobalSection
	GlobalSection(ProjectConfigurationPlatforms) = postSolution
		{3231FAF4-DAF6-4DC5-8D6E-D5928F52D79D}.Debug|Any CPU.ActiveCfg = Debug|Any CPU
		{3231FAF4-DAF6-4DC5-8D6E-D5928F52D79D}.Debug|Any CPU.Build.0 = Debug|Any CPU
		{3231FAF4-DAF6-4DC5-8D6E-D5928F52D79D}.Release|Any CPU.ActiveCfg = Release|Any CPU
		{3231FAF4-DAF6-4DC5-8D6E-D5928F52D79D}.Release|Any CPU.Build.0 = Release|Any CPU
		{FEAF6626-B8E7-4B85-BBBD-CF8EACDB929C}.Debug|Any CPU.ActiveCfg = Debug|Any CPU
		{FEAF6626-B8E7-4B85-BBBD-CF8EACDB929C}.Debug|Any CPU.Build.0 = Debug|Any CPU
		{FEAF6626-B8E7-4B85-BBBD-CF8EACDB929C}.Release|Any CPU.ActiveCfg = Release|Any CPU
		{FEAF6626-B8E7-4B85-BBBD-CF8EACDB929C}.Release|Any CPU.Build.0 = Release|Any CPU
	EndGlobalSection
	GlobalSection(NestedProjects) = preSolution
		{FEAF6626-B8E7-4B85-BBBD-CF8EACDB929C} = {7CEE7427-8B7D-4436-BAFF-55C96A6139AA}
	EndGlobalSection
EndGlobal
